
Microsoft Visual Studio Solution File, Format Version 12.00
# Visual Studio Version 17
VisualStudioVersion = 17.14.36202.13 d17.14
MinimumVisualStudioVersion = 10.0.40219.1
Project("{FAE04EC0-301F-11D3-BF4B-00C04F79EFBC}") = "Projekt", "Projekt\Projekt.csproj", "{BF7118C4-585F-464D-9AE5-1C38DA7B2E86}"
EndProject
Global
	GlobalSection(SolutionConfigurationPlatforms) = preSolution
		Debug|Any CPU = Debug|Any CPU
		Release|Any CPU = Release|Any CPU
	EndGlobalSection
	GlobalSection(ProjectConfigurationPlatforms) = postSolution
		{BF7118C4-585F-464D-9AE5-1C38DA7B2E86}.Debug|Any CPU.ActiveCfg = Debug|Any CPU
		{BF7118C4-585F-464D-9AE5-1C38DA7B2E86}.Debug|Any CPU.Build.0 = Debug|Any CPU
		{BF7118C4-585F-464D-9AE5-1C38DA7B2E86}.Release|Any CPU.ActiveCfg = Release|Any CPU
		{BF7118C4-585F-464D-9AE5-1C38DA7B2E86}.Release|Any CPU.Build.0 = Release|Any CPU
	EndGlobalSection
	GlobalSection(SolutionProperties) = preSolution
		HideSolutionNode = FALSE
	EndGlobalSection
	GlobalSection(ExtensibilityGlobals) = postSolution
		SolutionGuid = {C990039E-B605-4EC5-B8A1-BDC6590CAEC6}
	EndGlobalSection
EndGlobal
